
Microsoft Visual Studio Solution File, Format Version 12.00
# Visual Studio Version 16
VisualStudioVersion = 16.0.30907.101
MinimumVisualStudioVersion = 10.0.40219.1
Project("{FAE04EC0-301F-11D3-BF4B-00C04F79EFBC}") = "VRDrone.App", "VRDrone.App\VRDrone.App.csproj", "{CCC80144-B5A7-4180-B940-42DA65CF3127}"
EndProject
Project("{2150E333-8FDC-42A3-9474-1A3956D46DE8}") = "app", "app", "{147C24E4-7D77-4CF0-B775-3BF0ED6ED7C7}"
EndProject
Project("{2150E333-8FDC-42A3-9474-1A3956D46DE8}") = "library", "library", "{A66AC883-B96A-41A9-AB5F-F953D33346CF}"
EndProject
Project("{2150E333-8FDC-42A3-9474-1A3956D46DE8}") = "Messaging", "Messaging", "{DCD94577-022B-4576-BE14-D2EB7D7E6E6A}"
EndProject
Project("{9A19103F-16F7-4668-BE54-9A1E7A4F7556}") = "Messenger", "Messenger\Messenger.csproj", "{3709947B-AE64-427C-B73D-8676BF231EDA}"
EndProject
Project("{9A19103F-16F7-4668-BE54-9A1E7A4F7556}") = "Messenger.Simulator", "Messenger.Simulator\Messenger.Simulator.csproj", "{4A172A69-9E91-4535-8E02-B1E350FD0A01}"
EndProject
Project("{9A19103F-16F7-4668-BE54-9A1E7A4F7556}") = "Messenger.Udp", "Messenger.Udp\Messenger.Udp.csproj", "{33F3BE2E-6F2F-4306-8AB5-D883785C008E}"
EndProject
Project("{2150E333-8FDC-42A3-9474-1A3956D46DE8}") = "Storage", "Storage", "{9E5191C8-061A-47EA-BD62-B0B43BDAA444}"
EndProject
Project("{9A19103F-16F7-4668-BE54-9A1E7A4F7556}") = "Repository", "Repository\Repository.csproj", "{9129B7FB-C1AA-4146-809B-7EB92D539417}"
EndProject
Project("{9A19103F-16F7-4668-BE54-9A1E7A4F7556}") = "Repository.Sqlite", "Repository.Sqlite\Repository.Sqlite.csproj", "{20919446-42DA-47D9-95BA-3D22948EAD7B}"
EndProject
Project("{9A19103F-16F7-4668-BE54-9A1E7A4F7556}") = "Tello.Entities", "Tello.Entities\Tello.Entities.csproj", "{F5034141-407C-4A54-AE4C-88C53D357511}"
EndProject
Project("{9A19103F-16F7-4668-BE54-9A1E7A4F7556}") = "Tello.Entities.Sqlite", "Tello.Entities.Sqlite\Tello.Entities.Sqlite.csproj", "{250B047D-8638-4C4E-836D-C296F1762A08}"
EndProject
Project("{2150E333-8FDC-42A3-9474-1A3956D46DE8}") = "Tello", "Tello", "{54123595-9830-4CC8-9BB1-5FC9DCE1BBA0}"
EndProject
Project("{9A19103F-16F7-4668-BE54-9A1E7A4F7556}") = "Tello", "Tello\Tello.csproj", "{10725B80-CE6E-4A33-AF7E-53D03934079D}"
EndProject
Project("{9A19103F-16F7-4668-BE54-9A1E7A4F7556}") = "Tello.Controller", "Tello.Controller\Tello.Controller.csproj", "{8304AB05-76BF-4CF2-A7CC-3155EB3091F1}"
EndProject
Project("{9A19103F-16F7-4668-BE54-9A1E7A4F7556}") = "Tello.Simulator", "Tello.Simulator\Tello.Simulator.csproj", "{2B465F1A-2543-407B-99E4-B9060F97430C}"
EndProject
Project("{2150E333-8FDC-42A3-9474-1A3956D46DE8}") = "Video", "Video", "{C7D17A03-27E1-477C-956F-2BFD8320EFE7}"
EndProject
Project("{9A19103F-16F7-4668-BE54-9A1E7A4F7556}") = "Video.Sandbox", "Video.Sandbox\Video.Sandbox.csproj", "{F1EFA2D6-CF8D-4F5F-91C0-46B21C595D27}"
EndProject
Project("{9A19103F-16F7-4668-BE54-9A1E7A4F7556}") = "Tello.App", "Tello.App\Tello.App.csproj", "{19CD414A-93E1-47C8-855E-355B0C87E3AA}"
EndProject
Global
	GlobalSection(SolutionConfigurationPlatforms) = preSolution
		Debug|Any CPU = Debug|Any CPU
		Debug|ARM = Debug|ARM
		Debug|ARM64 = Debug|ARM64
		Debug|x64 = Debug|x64
		Debug|x86 = Debug|x86
		Release|Any CPU = Release|Any CPU
		Release|ARM = Release|ARM
		Release|ARM64 = Release|ARM64
		Release|x64 = Release|x64
		Release|x86 = Release|x86
	EndGlobalSection
	GlobalSection(ProjectConfigurationPlatforms) = postSolution
		{CCC80144-B5A7-4180-B940-42DA65CF3127}.Debug|Any CPU.ActiveCfg = Debug|x86
		{CCC80144-B5A7-4180-B940-42DA65CF3127}.Debug|ARM.ActiveCfg = Debug|ARM
		{CCC80144-B5A7-4180-B940-42DA65CF3127}.Debug|ARM.Build.0 = Debug|ARM
		{CCC80144-B5A7-4180-B940-42DA65CF3127}.Debug|ARM.Deploy.0 = Debug|ARM
		{CCC80144-B5A7-4180-B940-42DA65CF3127}.Debug|ARM64.ActiveCfg = Debug|ARM64
		{CCC80144-B5A7-4180-B940-42DA65CF3127}.Debug|ARM64.Build.0 = Debug|ARM64
		{CCC80144-B5A7-4180-B940-42DA65CF3127}.Debug|ARM64.Deploy.0 = Debug|ARM64
		{CCC80144-B5A7-4180-B940-42DA65CF3127}.Debug|x64.ActiveCfg = Debug|x64
		{CCC80144-B5A7-4180-B940-42DA65CF3127}.Debug|x64.Build.0 = Debug|x64
		{CCC80144-B5A7-4180-B940-42DA65CF3127}.Debug|x64.Deploy.0 = Debug|x64
		{CCC80144-B5A7-4180-B940-42DA65CF3127}.Debug|x86.ActiveCfg = Debug|x86
		{CCC80144-B5A7-4180-B940-42DA65CF3127}.Debug|x86.Build.0 = Debug|x86
		{CCC80144-B5A7-4180-B940-42DA65CF3127}.Debug|x86.Deploy.0 = Debug|x86
		{CCC80144-B5A7-4180-B940-42DA65CF3127}.Release|Any CPU.ActiveCfg = Release|x86
		{CCC80144-B5A7-4180-B940-42DA65CF3127}.Release|ARM.ActiveCfg = Release|ARM
		{CCC80144-B5A7-4180-B940-42DA65CF3127}.Release|ARM.Build.0 = Release|ARM
		{CCC80144-B5A7-4180-B940-42DA65CF3127}.Release|ARM.Deploy.0 = Release|ARM
		{CCC80144-B5A7-4180-B940-42DA65CF3127}.Release|ARM64.ActiveCfg = Release|ARM64
		{CCC80144-B5A7-4180-B940-42DA65CF3127}.Release|ARM64.Build.0 = Release|ARM64
		{CCC80144-B5A7-4180-B940-42DA65CF3127}.Release|ARM64.Deploy.0 = Release|ARM64
		{CCC80144-B5A7-4180-B940-42DA65CF3127}.Release|x64.ActiveCfg = Release|x64
		{CCC80144-B5A7-4180-B940-42DA65CF3127}.Release|x64.Build.0 = Release|x64
		{CCC80144-B5A7-4180-B940-42DA65CF3127}.Release|x64.Deploy.0 = Release|x64
		{CCC80144-B5A7-4180-B940-42DA65CF3127}.Release|x86.ActiveCfg = Release|x86
		{CCC80144-B5A7-4180-B940-42DA65CF3127}.Release|x86.Build.0 = Release|x86
		{CCC80144-B5A7-4180-B940-42DA65CF3127}.Release|x86.Deploy.0 = Release|x86
		{3709947B-AE64-427C-B73D-8676BF231EDA}.Debug|Any CPU.ActiveCfg = Debug|Any CPU
		{3709947B-AE64-427C-B73D-8676BF231EDA}.Debug|Any CPU.Build.0 = Debug|Any CPU
		{3709947B-AE64-427C-B73D-8676BF231EDA}.Debug|ARM.ActiveCfg = Debug|Any CPU
		{3709947B-AE64-427C-B73D-8676BF231EDA}.Debug|ARM.Build.0 = Debug|Any CPU
		{3709947B-AE64-427C-B73D-8676BF231EDA}.Debug|ARM64.ActiveCfg = Debug|Any CPU
		{3709947B-AE64-427C-B73D-8676BF231EDA}.Debug|ARM64.Build.0 = Debug|Any CPU
		{3709947B-AE64-427C-B73D-8676BF231EDA}.Debug|x64.ActiveCfg = Debug|Any CPU
		{3709947B-AE64-427C-B73D-8676BF231EDA}.Debug|x64.Build.0 = Debug|Any CPU
		{3709947B-AE64-427C-B73D-8676BF231EDA}.Debug|x86.ActiveCfg = Debug|Any CPU
		{3709947B-AE64-427C-B73D-8676BF231EDA}.Debug|x86.Build.0 = Debug|Any CPU
		{3709947B-AE64-427C-B73D-8676BF231EDA}.Release|Any CPU.ActiveCfg = Release|Any CPU
		{3709947B-AE64-427C-B73D-8676BF231EDA}.Release|Any CPU.Build.0 = Release|Any CPU
		{3709947B-AE64-427C-B73D-8676BF231EDA}.Release|ARM.ActiveCfg = Release|Any CPU
		{3709947B-AE64-427C-B73D-8676BF231EDA}.Release|ARM.Build.0 = Release|Any CPU
		{3709947B-AE64-427C-B73D-8676BF231EDA}.Release|ARM64.ActiveCfg = Release|Any CPU
		{3709947B-AE64-427C-B73D-8676BF231EDA}.Release|ARM64.Build.0 = Release|Any CPU
		{3709947B-AE64-427C-B73D-8676BF231EDA}.Release|x64.ActiveCfg = Release|Any CPU
		{3709947B-AE64-427C-B73D-8676BF231EDA}.Release|x64.Build.0 = Release|Any CPU
		{3709947B-AE64-427C-B73D-8676BF231EDA}.Release|x86.ActiveCfg = Release|Any CPU
		{3709947B-AE64-427C-B73D-8676BF231EDA}.Release|x86.Build.0 = Release|Any CPU
		{4A172A69-9E91-4535-8E02-B1E350FD0A01}.Debug|Any CPU.ActiveCfg = Debug|Any CPU
		{4A172A69-9E91-4535-8E02-B1E350FD0A01}.Debug|Any CPU.Build.0 = Debug|Any CPU
		{4A172A69-9E91-4535-8E02-B1E350FD0A01}.Debug|ARM.ActiveCfg = Debug|Any CPU
		{4A172A69-9E91-4535-8E02-B1E350FD0A01}.Debug|ARM.Build.0 = Debug|Any CPU
		{4A172A69-9E91-4535-8E02-B1E350FD0A01}.Debug|ARM64.ActiveCfg = Debug|Any CPU
		{4A172A69-9E91-4535-8E02-B1E350FD0A01}.Debug|ARM64.Build.0 = Debug|Any CPU
		{4A172A69-9E91-4535-8E02-B1E350FD0A01}.Debug|x64.ActiveCfg = Debug|Any CPU
		{4A172A69-9E91-4535-8E02-B1E350FD0A01}.Debug|x64.Build.0 = Debug|Any CPU
		{4A172A69-9E91-4535-8E02-B1E350FD0A01}.Debug|x86.ActiveCfg = Debug|Any CPU
		{4A172A69-9E91-4535-8E02-B1E350FD0A01}.Debug|x86.Build.0 = Debug|Any CPU
		{4A172A69-9E91-4535-8E02-B1E350FD0A01}.Release|Any CPU.ActiveCfg = Release|Any CPU
		{4A172A69-9E91-4535-8E02-B1E350FD0A01}.Release|Any CPU.Build.0 = Release|Any CPU
		{4A172A69-9E91-4535-8E02-B1E350FD0A01}.Release|ARM.ActiveCfg = Release|Any CPU
		{4A172A69-9E91-4535-8E02-B1E350FD0A01}.Release|ARM.Build.0 = Release|Any CPU
		{4A172A69-9E91-4535-8E02-B1E350FD0A01}.Release|ARM64.ActiveCfg = Release|Any CPU
		{4A172A69-9E91-4535-8E02-B1E350FD0A01}.Release|ARM64.Build.0 = Release|Any CPU
		{4A172A69-9E91-4535-8E02-B1E350FD0A01}.Release|x64.ActiveCfg = Release|Any CPU
		{4A172A69-9E91-4535-8E02-B1E350FD0A01}.Release|x64.Build.0 = Release|Any CPU
		{4A172A69-9E91-4535-8E02-B1E350FD0A01}.Release|x86.ActiveCfg = Release|Any CPU
		{4A172A69-9E91-4535-8E02-B1E350FD0A01}.Release|x86.Build.0 = Release|Any CPU
		{33F3BE2E-6F2F-4306-8AB5-D883785C008E}.Debug|Any CPU.ActiveCfg = Debug|Any CPU
		{33F3BE2E-6F2F-4306-8AB5-D883785C008E}.Debug|Any CPU.Build.0 = Debug|Any CPU
		{33F3BE2E-6F2F-4306-8AB5-D883785C008E}.Debug|ARM.ActiveCfg = Debug|Any CPU
		{33F3BE2E-6F2F-4306-8AB5-D883785C008E}.Debug|ARM.Build.0 = Debug|Any CPU
		{33F3BE2E-6F2F-4306-8AB5-D883785C008E}.Debug|ARM64.ActiveCfg = Debug|Any CPU
		{33F3BE2E-6F2F-4306-8AB5-D883785C008E}.Debug|ARM64.Build.0 = Debug|Any CPU
		{33F3BE2E-6F2F-4306-8AB5-D883785C008E}.Debug|x64.ActiveCfg = Debug|Any CPU
		{33F3BE2E-6F2F-4306-8AB5-D883785C008E}.Debug|x64.Build.0 = Debug|Any CPU
		{33F3BE2E-6F2F-4306-8AB5-D883785C008E}.Debug|x86.ActiveCfg = Debug|Any CPU
		{33F3BE2E-6F2F-4306-8AB5-D883785C008E}.Debug|x86.Build.0 = Debug|Any CPU
		{33F3BE2E-6F2F-4306-8AB5-D883785C008E}.Release|Any CPU.ActiveCfg = Release|Any CPU
		{33F3BE2E-6F2F-4306-8AB5-D883785C008E}.Release|Any CPU.Build.0 = Release|Any CPU
		{33F3BE2E-6F2F-4306-8AB5-D883785C008E}.Release|ARM.ActiveCfg = Release|Any CPU
		{33F3BE2E-6F2F-4306-8AB5-D883785C008E}.Release|ARM.Build.0 = Release|Any CPU
		{33F3BE2E-6F2F-4306-8AB5-D883785C008E}.Release|ARM64.ActiveCfg = Release|Any CPU
		{33F3BE2E-6F2F-4306-8AB5-D883785C008E}.Release|ARM64.Build.0 = Release|Any CPU
		{33F3BE2E-6F2F-4306-8AB5-D883785C008E}.Release|x64.ActiveCfg = Release|Any CPU
		{33F3BE2E-6F2F-4306-8AB5-D883785C008E}.Release|x64.Build.0 = Release|Any CPU
		{33F3BE2E-6F2F-4306-8AB5-D883785C008E}.Release|x86.ActiveCfg = Release|Any CPU
		{33F3BE2E-6F2F-4306-8AB5-D883785C008E}.Release|x86.Build.0 = Release|Any CPU
		{9129B7FB-C1AA-4146-809B-7EB92D539417}.Debug|Any CPU.ActiveCfg = Debug|Any CPU
		{9129B7FB-C1AA-4146-809B-7EB92D539417}.Debug|Any CPU.Build.0 = Debug|Any CPU
		{9129B7FB-C1AA-4146-809B-7EB92D539417}.Debug|ARM.ActiveCfg = Debug|Any CPU
		{9129B7FB-C1AA-4146-809B-7EB92D539417}.Debug|ARM.Build.0 = Debug|Any CPU
		{9129B7FB-C1AA-4146-809B-7EB92D539417}.Debug|ARM64.ActiveCfg = Debug|Any CPU
		{9129B7FB-C1AA-4146-809B-7EB92D539417}.Debug|ARM64.Build.0 = Debug|Any CPU
		{9129B7FB-C1AA-4146-809B-7EB92D539417}.Debug|x64.ActiveCfg = Debug|Any CPU
		{9129B7FB-C1AA-4146-809B-7EB92D539417}.Debug|x64.Build.0 = Debug|Any CPU
		{9129B7FB-C1AA-4146-809B-7EB92D539417}.Debug|x86.ActiveCfg = Debug|Any CPU
		{9129B7FB-C1AA-4146-809B-7EB92D539417}.Debug|x86.Build.0 = Debug|Any CPU
		{9129B7FB-C1AA-4146-809B-7EB92D539417}.Release|Any CPU.ActiveCfg = Release|Any CPU
		{9129B7FB-C1AA-4146-809B-7EB92D539417}.Release|Any CPU.Build.0 = Release|Any CPU
		{9129B7FB-C1AA-4146-809B-7EB92D539417}.Release|ARM.ActiveCfg = Release|Any CPU
		{9129B7FB-C1AA-4146-809B-7EB92D539417}.Release|ARM.Build.0 = Release|Any CPU
		{9129B7FB-C1AA-4146-809B-7EB92D539417}.Release|ARM64.ActiveCfg = Release|Any CPU
		{9129B7FB-C1AA-4146-809B-7EB92D539417}.Release|ARM64.Build.0 = Release|Any CPU
		{9129B7FB-C1AA-4146-809B-7EB92D539417}.Release|x64.ActiveCfg = Release|Any CPU
		{9129B7FB-C1AA-4146-809B-7EB92D539417}.Release|x64.Build.0 = Release|Any CPU
		{9129B7FB-C1AA-4146-809B-7EB92D539417}.Release|x86.ActiveCfg = Release|Any CPU
		{9129B7FB-C1AA-4146-809B-7EB92D539417}.Release|x86.Build.0 = Release|Any CPU
		{20919446-42DA-47D9-95BA-3D22948EAD7B}.Debug|Any CPU.ActiveCfg = Debug|Any CPU
		{20919446-42DA-47D9-95BA-3D22948EAD7B}.Debug|Any CPU.Build.0 = Debug|Any CPU
		{20919446-42DA-47D9-95BA-3D22948EAD7B}.Debug|ARM.ActiveCfg = Debug|Any CPU
		{20919446-42DA-47D9-95BA-3D22948EAD7B}.Debug|ARM.Build.0 = Debug|Any CPU
		{20919446-42DA-47D9-95BA-3D22948EAD7B}.Debug|ARM64.ActiveCfg = Debug|Any CPU
		{20919446-42DA-47D9-95BA-3D22948EAD7B}.Debug|ARM64.Build.0 = Debug|Any CPU
		{20919446-42DA-47D9-95BA-3D22948EAD7B}.Debug|x64.ActiveCfg = Debug|Any CPU
		{20919446-42DA-47D9-95BA-3D22948EAD7B}.Debug|x64.Build.0 = Debug|Any CPU
		{20919446-42DA-47D9-95BA-3D22948EAD7B}.Debug|x86.ActiveCfg = Debug|Any CPU
		{20919446-42DA-47D9-95BA-3D22948EAD7B}.Debug|x86.Build.0 = Debug|Any CPU
		{20919446-42DA-47D9-95BA-3D22948EAD7B}.Release|Any CPU.ActiveCfg = Release|Any CPU
		{20919446-42DA-47D9-95BA-3D22948EAD7B}.Release|Any CPU.Build.0 = Release|Any CPU
		{20919446-42DA-47D9-95BA-3D22948EAD7B}.Release|ARM.ActiveCfg = Release|Any CPU
		{20919446-42DA-47D9-95BA-3D22948EAD7B}.Release|ARM.Build.0 = Release|Any CPU
		{20919446-42DA-47D9-95BA-3D22948EAD7B}.Release|ARM64.ActiveCfg = Release|Any CPU
		{20919446-42DA-47D9-95BA-3D22948EAD7B}.Release|ARM64.Build.0 = Release|Any CPU
		{20919446-42DA-47D9-95BA-3D22948EAD7B}.Release|x64.ActiveCfg = Release|Any CPU
		{20919446-42DA-47D9-95BA-3D22948EAD7B}.Release|x64.Build.0 = Release|Any CPU
		{20919446-42DA-47D9-95BA-3D22948EAD7B}.Release|x86.ActiveCfg = Release|Any CPU
		{20919446-42DA-47D9-95BA-3D22948EAD7B}.Release|x86.Build.0 = Release|Any CPU
		{F5034141-407C-4A54-AE4C-88C53D357511}.Debug|Any CPU.ActiveCfg = Debug|Any CPU
		{F5034141-407C-4A54-AE4C-88C53D357511}.Debug|Any CPU.Build.0 = Debug|Any CPU
		{F5034141-407C-4A54-AE4C-88C53D357511}.Debug|ARM.ActiveCfg = Debug|Any CPU
		{F5034141-407C-4A54-AE4C-88C53D357511}.Debug|ARM.Build.0 = Debug|Any CPU
		{F5034141-407C-4A54-AE4C-88C53D357511}.Debug|ARM64.ActiveCfg = Debug|Any CPU
		{F5034141-407C-4A54-AE4C-88C53D357511}.Debug|ARM64.Build.0 = Debug|Any CPU
		{F5034141-407C-4A54-AE4C-88C53D357511}.Debug|x64.ActiveCfg = Debug|Any CPU
		{F5034141-407C-4A54-AE4C-88C53D357511}.Debug|x64.Build.0 = Debug|Any CPU
		{F5034141-407C-4A54-AE4C-88C53D357511}.Debug|x86.ActiveCfg = Debug|Any CPU
		{F5034141-407C-4A54-AE4C-88C53D357511}.Debug|x86.Build.0 = Debug|Any CPU
		{F5034141-407C-4A54-AE4C-88C53D357511}.Release|Any CPU.ActiveCfg = Release|Any CPU
		{F5034141-407C-4A54-AE4C-88C53D357511}.Release|Any CPU.Build.0 = Release|Any CPU
		{F5034141-407C-4A54-AE4C-88C53D357511}.Release|ARM.ActiveCfg = Release|Any CPU
		{F5034141-407C-4A54-AE4C-88C53D357511}.Release|ARM.Build.0 = Release|Any CPU
		{F5034141-407C-4A54-AE4C-88C53D357511}.Release|ARM64.ActiveCfg = Release|Any CPU
		{F5034141-407C-4A54-AE4C-88C53D357511}.Release|ARM64.Build.0 = Release|Any CPU
		{F5034141-407C-4A54-AE4C-88C53D357511}.Release|x64.ActiveCfg = Release|Any CPU
		{F5034141-407C-4A54-AE4C-88C53D357511}.Release|x64.Build.0 = Release|Any CPU
		{F5034141-407C-4A54-AE4C-88C53D357511}.Release|x86.ActiveCfg = Release|Any CPU
		{F5034141-407C-4A54-AE4C-88C53D357511}.Release|x86.Build.0 = Release|Any CPU
		{250B047D-8638-4C4E-836D-C296F1762A08}.Debug|Any CPU.ActiveCfg = Debug|Any CPU
		{250B047D-8638-4C4E-836D-C296F1762A08}.Debug|Any CPU.Build.0 = Debug|Any CPU
		{250B047D-8638-4C4E-836D-C296F1762A08}.Debug|ARM.ActiveCfg = Debug|Any CPU
		{250B047D-8638-4C4E-836D-C296F1762A08}.Debug|ARM.Build.0 = Debug|Any CPU
		{250B047D-8638-4C4E-836D-C296F1762A08}.Debug|ARM64.ActiveCfg = Debug|Any CPU
		{250B047D-8638-4C4E-836D-C296F1762A08}.Debug|ARM64.Build.0 = Debug|Any CPU
		{250B047D-8638-4C4E-836D-C296F1762A08}.Debug|x64.ActiveCfg = Debug|Any CPU
		{250B047D-8638-4C4E-836D-C296F1762A08}.Debug|x64.Build.0 = Debug|Any CPU
		{250B047D-8638-4C4E-836D-C296F1762A08}.Debug|x86.ActiveCfg = Debug|Any CPU
		{250B047D-8638-4C4E-836D-C296F1762A08}.Debug|x86.Build.0 = Debug|Any CPU
		{250B047D-8638-4C4E-836D-C296F1762A08}.Release|Any CPU.ActiveCfg = Release|Any CPU
		{250B047D-8638-4C4E-836D-C296F1762A08}.Release|Any CPU.Build.0 = Release|Any CPU
		{250B047D-8638-4C4E-836D-C296F1762A08}.Release|ARM.ActiveCfg = Release|Any CPU
		{250B047D-8638-4C4E-836D-C296F1762A08}.Release|ARM.Build.0 = Release|Any CPU
		{250B047D-8638-4C4E-836D-C296F1762A08}.Release|ARM64.ActiveCfg = Release|Any CPU
		{250B047D-8638-4C4E-836D-C296F1762A08}.Release|ARM64.Build.0 = Release|Any CPU
		{250B047D-8638-4C4E-836D-C296F1762A08}.Release|x64.ActiveCfg = Release|Any CPU
		{250B047D-8638-4C4E-836D-C296F1762A08}.Release|x64.Build.0 = Release|Any CPU
		{250B047D-8638-4C4E-836D-C296F1762A08}.Release|x86.ActiveCfg = Release|Any CPU
		{250B047D-8638-4C4E-836D-C296F1762A08}.Release|x86.Build.0 = Release|Any CPU
		{10725B80-CE6E-4A33-AF7E-53D03934079D}.Debug|Any CPU.ActiveCfg = Debug|Any CPU
		{10725B80-CE6E-4A33-AF7E-53D03934079D}.Debug|Any CPU.Build.0 = Debug|Any CPU
		{10725B80-CE6E-4A33-AF7E-53D03934079D}.Debug|ARM.ActiveCfg = Debug|Any CPU
		{10725B80-CE6E-4A33-AF7E-53D03934079D}.Debug|ARM.Build.0 = Debug|Any CPU
		{10725B80-CE6E-4A33-AF7E-53D03934079D}.Debug|ARM64.ActiveCfg = Debug|Any CPU
		{10725B80-CE6E-4A33-AF7E-53D03934079D}.Debug|ARM64.Build.0 = Debug|Any CPU
		{10725B80-CE6E-4A33-AF7E-53D03934079D}.Debug|x64.ActiveCfg = Debug|Any CPU
		{10725B80-CE6E-4A33-AF7E-53D03934079D}.Debug|x64.Build.0 = Debug|Any CPU
		{10725B80-CE6E-4A33-AF7E-53D03934079D}.Debug|x86.ActiveCfg = Debug|Any CPU
		{10725B80-CE6E-4A33-AF7E-53D03934079D}.Debug|x86.Build.0 = Debug|Any CPU
		{10725B80-CE6E-4A33-AF7E-53D03934079D}.Release|Any CPU.ActiveCfg = Release|Any CPU
		{10725B80-CE6E-4A33-AF7E-53D03934079D}.Release|Any CPU.Build.0 = Release|Any CPU
		{10725B80-CE6E-4A33-AF7E-53D03934079D}.Release|ARM.ActiveCfg = Release|Any CPU
		{10725B80-CE6E-4A33-AF7E-53D03934079D}.Release|ARM.Build.0 = Release|Any CPU
		{10725B80-CE6E-4A33-AF7E-53D03934079D}.Release|ARM64.ActiveCfg = Release|Any CPU
		{10725B80-CE6E-4A33-AF7E-53D03934079D}.Release|ARM64.Build.0 = Release|Any CPU
		{10725B80-CE6E-4A33-AF7E-53D03934079D}.Release|x64.ActiveCfg = Release|Any CPU
		{10725B80-CE6E-4A33-AF7E-53D03934079D}.Release|x64.Build.0 = Release|Any CPU
		{10725B80-CE6E-4A33-AF7E-53D03934079D}.Release|x86.ActiveCfg = Release|Any CPU
		{10725B80-CE6E-4A33-AF7E-53D03934079D}.Release|x86.Build.0 = Release|Any CPU
		{8304AB05-76BF-4CF2-A7CC-3155EB3091F1}.Debug|Any CPU.ActiveCfg = Debug|Any CPU
		{8304AB05-76BF-4CF2-A7CC-3155EB3091F1}.Debug|Any CPU.Build.0 = Debug|Any CPU
		{8304AB05-76BF-4CF2-A7CC-3155EB3091F1}.Debug|ARM.ActiveCfg = Debug|Any CPU
		{8304AB05-76BF-4CF2-A7CC-3155EB3091F1}.Debug|ARM.Build.0 = Debug|Any CPU
		{8304AB05-76BF-4CF2-A7CC-3155EB3091F1}.Debug|ARM64.ActiveCfg = Debug|Any CPU
		{8304AB05-76BF-4CF2-A7CC-3155EB3091F1}.Debug|ARM64.Build.0 = Debug|Any CPU
		{8304AB05-76BF-4CF2-A7CC-3155EB3091F1}.Debug|x64.ActiveCfg = Debug|Any CPU
		{8304AB05-76BF-4CF2-A7CC-3155EB3091F1}.Debug|x64.Build.0 = Debug|Any CPU
		{8304AB05-76BF-4CF2-A7CC-3155EB3091F1}.Debug|x86.ActiveCfg = Debug|Any CPU
		{8304AB05-76BF-4CF2-A7CC-3155EB3091F1}.Debug|x86.Build.0 = Debug|Any CPU
		{8304AB05-76BF-4CF2-A7CC-3155EB3091F1}.Release|Any CPU.ActiveCfg = Release|Any CPU
		{8304AB05-76BF-4CF2-A7CC-3155EB3091F1}.Release|Any CPU.Build.0 = Release|Any CPU
		{8304AB05-76BF-4CF2-A7CC-3155EB3091F1}.Release|ARM.ActiveCfg = Release|Any CPU
		{8304AB05-76BF-4CF2-A7CC-3155EB3091F1}.Release|ARM.Build.0 = Release|Any CPU
		{8304AB05-76BF-4CF2-A7CC-3155EB3091F1}.Release|ARM64.ActiveCfg = Release|Any CPU
		{8304AB05-76BF-4CF2-A7CC-3155EB3091F1}.Release|ARM64.Build.0 = Release|Any CPU
		{8304AB05-76BF-4CF2-A7CC-3155EB3091F1}.Release|x64.ActiveCfg = Release|Any CPU
		{8304AB05-76BF-4CF2-A7CC-3155EB3091F1}.Release|x64.Build.0 = Release|Any CPU
		{8304AB05-76BF-4CF2-A7CC-3155EB3091F1}.Release|x86.ActiveCfg = Release|Any CPU
		{8304AB05-76BF-4CF2-A7CC-3155EB3091F1}.Release|x86.Build.0 = Release|Any CPU
		{2B465F1A-2543-407B-99E4-B9060F97430C}.Debug|Any CPU.ActiveCfg = Debug|Any CPU
		{2B465F1A-2543-407B-99E4-B9060F97430C}.Debug|Any CPU.Build.0 = Debug|Any CPU
		{2B465F1A-2543-407B-99E4-B9060F97430C}.Debug|ARM.ActiveCfg = Debug|Any CPU
		{2B465F1A-2543-407B-99E4-B9060F97430C}.Debug|ARM.Build.0 = Debug|Any CPU
		{2B465F1A-2543-407B-99E4-B9060F97430C}.Debug|ARM64.ActiveCfg = Debug|Any CPU
		{2B465F1A-2543-407B-99E4-B9060F97430C}.Debug|ARM64.Build.0 = Debug|Any CPU
		{2B465F1A-2543-407B-99E4-B9060F97430C}.Debug|x64.ActiveCfg = Debug|Any CPU
		{2B465F1A-2543-407B-99E4-B9060F97430C}.Debug|x64.Build.0 = Debug|Any CPU
		{2B465F1A-2543-407B-99E4-B9060F97430C}.Debug|x86.ActiveCfg = Debug|Any CPU
		{2B465F1A-2543-407B-99E4-B9060F97430C}.Debug|x86.Build.0 = Debug|Any CPU
		{2B465F1A-2543-407B-99E4-B9060F97430C}.Release|Any CPU.ActiveCfg = Release|Any CPU
		{2B465F1A-2543-407B-99E4-B9060F97430C}.Release|Any CPU.Build.0 = Release|Any CPU
		{2B465F1A-2543-407B-99E4-B9060F97430C}.Release|ARM.ActiveCfg = Release|Any CPU
		{2B465F1A-2543-407B-99E4-B9060F97430C}.Release|ARM.Build.0 = Release|Any CPU
		{2B465F1A-2543-407B-99E4-B9060F97430C}.Release|ARM64.ActiveCfg = Release|Any CPU
		{2B465F1A-2543-407B-99E4-B9060F97430C}.Release|ARM64.Build.0 = Release|Any CPU
		{2B465F1A-2543-407B-99E4-B9060F97430C}.Release|x64.ActiveCfg = Release|Any CPU
		{2B465F1A-2543-407B-99E4-B9060F97430C}.Release|x64.Build.0 = Release|Any CPU
		{2B465F1A-2543-407B-99E4-B9060F97430C}.Release|x86.ActiveCfg = Release|Any CPU
		{2B465F1A-2543-407B-99E4-B9060F97430C}.Release|x86.Build.0 = Release|Any CPU
		{F1EFA2D6-CF8D-4F5F-91C0-46B21C595D27}.Debug|Any CPU.ActiveCfg = Debug|Any CPU
		{F1EFA2D6-CF8D-4F5F-91C0-46B21C595D27}.Debug|Any CPU.Build.0 = Debug|Any CPU
		{F1EFA2D6-CF8D-4F5F-91C0-46B21C595D27}.Debug|ARM.ActiveCfg = Debug|Any CPU
		{F1EFA2D6-CF8D-4F5F-91C0-46B21C595D27}.Debug|ARM.Build.0 = Debug|Any CPU
		{F1EFA2D6-CF8D-4F5F-91C0-46B21C595D27}.Debug|ARM64.ActiveCfg = Debug|Any CPU
		{F1EFA2D6-CF8D-4F5F-91C0-46B21C595D27}.Debug|ARM64.Build.0 = Debug|Any CPU
		{F1EFA2D6-CF8D-4F5F-91C0-46B21C595D27}.Debug|x64.ActiveCfg = Debug|Any CPU
		{F1EFA2D6-CF8D-4F5F-91C0-46B21C595D27}.Debug|x64.Build.0 = Debug|Any CPU
		{F1EFA2D6-CF8D-4F5F-91C0-46B21C595D27}.Debug|x86.ActiveCfg = Debug|Any CPU
		{F1EFA2D6-CF8D-4F5F-91C0-46B21C595D27}.Debug|x86.Build.0 = Debug|Any CPU
		{F1EFA2D6-CF8D-4F5F-91C0-46B21C595D27}.Release|Any CPU.ActiveCfg = Release|Any CPU
		{F1EFA2D6-CF8D-4F5F-91C0-46B21C595D27}.Release|Any CPU.Build.0 = Release|Any CPU
		{F1EFA2D6-CF8D-4F5F-91C0-46B21C595D27}.Release|ARM.ActiveCfg = Release|Any CPU
		{F1EFA2D6-CF8D-4F5F-91C0-46B21C595D27}.Release|ARM.Build.0 = Release|Any CPU
		{F1EFA2D6-CF8D-4F5F-91C0-46B21C595D27}.Release|ARM64.ActiveCfg = Release|Any CPU
		{F1EFA2D6-CF8D-4F5F-91C0-46B21C595D27}.Release|ARM64.Build.0 = Release|Any CPU
		{F1EFA2D6-CF8D-4F5F-91C0-46B21C595D27}.Release|x64.ActiveCfg = Release|Any CPU
		{F1EFA2D6-CF8D-4F5F-91C0-46B21C595D27}.Release|x64.Build.0 = Release|Any CPU
		{F1EFA2D6-CF8D-4F5F-91C0-46B21C595D27}.Release|x86.ActiveCfg = Release|Any CPU
		{F1EFA2D6-CF8D-4F5F-91C0-46B21C595D27}.Release|x86.Build.0 = Release|Any CPU
		{19CD414A-93E1-47C8-855E-355B0C87E3AA}.Debug|Any CPU.ActiveCfg = Debug|Any CPU
		{19CD414A-93E1-47C8-855E-355B0C87E3AA}.Debug|Any CPU.Build.0 = Debug|Any CPU
		{19CD414A-93E1-47C8-855E-355B0C87E3AA}.Debug|ARM.ActiveCfg = Debug|Any CPU
		{19CD414A-93E1-47C8-855E-355B0C87E3AA}.Debug|ARM.Build.0 = Debug|Any CPU
		{19CD414A-93E1-47C8-855E-355B0C87E3AA}.Debug|ARM64.ActiveCfg = Debug|Any CPU
		{19CD414A-93E1-47C8-855E-355B0C87E3AA}.Debug|ARM64.Build.0 = Debug|Any CPU
		{19CD414A-93E1-47C8-855E-355B0C87E3AA}.Debug|x64.ActiveCfg = Debug|Any CPU
		{19CD414A-93E1-47C8-855E-355B0C87E3AA}.Debug|x64.Build.0 = Debug|Any CPU
		{19CD414A-93E1-47C8-855E-355B0C87E3AA}.Debug|x86.ActiveCfg = Debug|Any CPU
		{19CD414A-93E1-47C8-855E-355B0C87E3AA}.Debug|x86.Build.0 = Debug|Any CPU
		{19CD414A-93E1-47C8-855E-355B0C87E3AA}.Release|Any CPU.ActiveCfg = Release|Any CPU
		{19CD414A-93E1-47C8-855E-355B0C87E3AA}.Release|Any CPU.Build.0 = Release|Any CPU
		{19CD414A-93E1-47C8-855E-355B0C87E3AA}.Release|ARM.ActiveCfg = Release|Any CPU
		{19CD414A-93E1-47C8-855E-355B0C87E3AA}.Release|ARM.Build.0 = Release|Any CPU
		{19CD414A-93E1-47C8-855E-355B0C87E3AA}.Release|ARM64.ActiveCfg = Release|Any CPU
		{19CD414A-93E1-47C8-855E-355B0C87E3AA}.Release|ARM64.Build.0 = Release|Any CPU
		{19CD414A-93E1-47C8-855E-355B0C87E3AA}.Release|x64.ActiveCfg = Release|Any CPU
		{19CD414A-93E1-47C8-855E-355B0C87E3AA}.Release|x64.Build.0 = Release|Any CPU
		{19CD414A-93E1-47C8-855E-355B0C87E3AA}.Release|x86.ActiveCfg = Release|Any CPU
		{19CD414A-93E1-47C8-855E-355B0C87E3AA}.Release|x86.Build.0 = Release|Any CPU
	EndGlobalSection
	GlobalSection(SolutionProperties) = preSolution
		HideSolutionNode = FALSE
	EndGlobalSection
	GlobalSection(NestedProjects) = preSolution
		{CCC80144-B5A7-4180-B940-42DA65CF3127} = {147C24E4-7D77-4CF0-B775-3BF0ED6ED7C7}
		{DCD94577-022B-4576-BE14-D2EB7D7E6E6A} = {A66AC883-B96A-41A9-AB5F-F953D33346CF}
		{3709947B-AE64-427C-B73D-8676BF231EDA} = {DCD94577-022B-4576-BE14-D2EB7D7E6E6A}
		{4A172A69-9E91-4535-8E02-B1E350FD0A01} = {DCD94577-022B-4576-BE14-D2EB7D7E6E6A}
		{33F3BE2E-6F2F-4306-8AB5-D883785C008E} = {DCD94577-022B-4576-BE14-D2EB7D7E6E6A}
		{9E5191C8-061A-47EA-BD62-B0B43BDAA444} = {A66AC883-B96A-41A9-AB5F-F953D33346CF}
		{9129B7FB-C1AA-4146-809B-7EB92D539417} = {9E5191C8-061A-47EA-BD62-B0B43BDAA444}
		{20919446-42DA-47D9-95BA-3D22948EAD7B} = {9E5191C8-061A-47EA-BD62-B0B43BDAA444}
		{F5034141-407C-4A54-AE4C-88C53D357511} = {9E5191C8-061A-47EA-BD62-B0B43BDAA444}
		{250B047D-8638-4C4E-836D-C296F1762A08} = {9E5191C8-061A-47EA-BD62-B0B43BDAA444}
		{54123595-9830-4CC8-9BB1-5FC9DCE1BBA0} = {A66AC883-B96A-41A9-AB5F-F953D33346CF}
		{10725B80-CE6E-4A33-AF7E-53D03934079D} = {54123595-9830-4CC8-9BB1-5FC9DCE1BBA0}
		{8304AB05-76BF-4CF2-A7CC-3155EB3091F1} = {54123595-9830-4CC8-9BB1-5FC9DCE1BBA0}
		{2B465F1A-2543-407B-99E4-B9060F97430C} = {54123595-9830-4CC8-9BB1-5FC9DCE1BBA0}
		{C7D17A03-27E1-477C-956F-2BFD8320EFE7} = {A66AC883-B96A-41A9-AB5F-F953D33346CF}
		{F1EFA2D6-CF8D-4F5F-91C0-46B21C595D27} = {C7D17A03-27E1-477C-956F-2BFD8320EFE7}
		{19CD414A-93E1-47C8-855E-355B0C87E3AA} = {147C24E4-7D77-4CF0-B775-3BF0ED6ED7C7}
	EndGlobalSection
	GlobalSection(ExtensibilityGlobals) = postSolution
		SolutionGuid = {B4712A61-1108-4E20-BCC9-71F9E6101537}
	EndGlobalSection
EndGlobal
